
Microsoft Visual Studio Solution File, Format Version 12.00
# Visual Studio Version 17
VisualStudioVersion = 17.11.35327.3
MinimumVisualStudioVersion = 10.0.40219.1
Project("{9A19103F-16F7-4668-BE54-9A1E7A4F7556}") = "WFInicial", "WFInicial\WFInicial.csproj", "{367D864C-821A-41BD-8755-4AB5E0C7EE68}"
EndProject
Project("{9A19103F-16F7-4668-BE54-9A1E7A4F7556}") = "CEx1", "ConsoleRevisaoAula\CEx1.csproj", "{EA614B8C-BC4A-438D-8F6F-4E5B2393FFD3}"
EndProject
Project("{9A19103F-16F7-4668-BE54-9A1E7A4F7556}") = "CEx2", "CEx2\CEx2.csproj", "{665FDAD9-78F7-4849-AD87-3E1893BB8B0C}"
EndProject
Project("{FAE04EC0-301F-11D3-BF4B-00C04F79EFBC}") = "CEx3", "CEx3\CEx3.csproj", "{109854AF-D534-4294-968E-DA3097F2F937}"
EndProject
Global
	GlobalSection(SolutionConfigurationPlatforms) = preSolution
		Debug|Any CPU = Debug|Any CPU
		Release|Any CPU = Release|Any CPU
	EndGlobalSection
	GlobalSection(ProjectConfigurationPlatforms) = postSolution
		{367D864C-821A-41BD-8755-4AB5E0C7EE68}.Debug|Any CPU.ActiveCfg = Debug|Any CPU
		{367D864C-821A-41BD-8755-4AB5E0C7EE68}.Debug|Any CPU.Build.0 = Debug|Any CPU
		{367D864C-821A-41BD-8755-4AB5E0C7EE68}.Release|Any CPU.ActiveCfg = Release|Any CPU
		{367D864C-821A-41BD-8755-4AB5E0C7EE68}.Release|Any CPU.Build.0 = Release|Any CPU
		{EA614B8C-BC4A-438D-8F6F-4E5B2393FFD3}.Debug|Any CPU.ActiveCfg = Debug|Any CPU
		{EA614B8C-BC4A-438D-8F6F-4E5B2393FFD3}.Debug|Any CPU.Build.0 = Debug|Any CPU
		{EA614B8C-BC4A-438D-8F6F-4E5B2393FFD3}.Release|Any CPU.ActiveCfg = Release|Any CPU
		{EA614B8C-BC4A-438D-8F6F-4E5B2393FFD3}.Release|Any CPU.Build.0 = Release|Any CPU
		{665FDAD9-78F7-4849-AD87-3E1893BB8B0C}.Debug|Any CPU.ActiveCfg = Debug|Any CPU
		{665FDAD9-78F7-4849-AD87-3E1893BB8B0C}.Debug|Any CPU.Build.0 = Debug|Any CPU
		{665FDAD9-78F7-4849-AD87-3E1893BB8B0C}.Release|Any CPU.ActiveCfg = Release|Any CPU
		{665FDAD9-78F7-4849-AD87-3E1893BB8B0C}.Release|Any CPU.Build.0 = Release|Any CPU
		{109854AF-D534-4294-968E-DA3097F2F937}.Debug|Any CPU.ActiveCfg = Debug|Any CPU
		{109854AF-D534-4294-968E-DA3097F2F937}.Debug|Any CPU.Build.0 = Debug|Any CPU
		{109854AF-D534-4294-968E-DA3097F2F937}.Release|Any CPU.ActiveCfg = Release|Any CPU
		{109854AF-D534-4294-968E-DA3097F2F937}.Release|Any CPU.Build.0 = Release|Any CPU
	EndGlobalSection
	GlobalSection(SolutionProperties) = preSolution
		HideSolutionNode = FALSE
	EndGlobalSection
	GlobalSection(ExtensibilityGlobals) = postSolution
		SolutionGuid = {C2481174-FAAD-4807-A554-D2B17BC634AD}
	EndGlobalSection
EndGlobal
